
Microsoft Visual Studio Solution File, Format Version 12.00
# Visual Studio Version 16
VisualStudioVersion = 16.0.29728.190
MinimumVisualStudioVersion = 10.0.40219.1
Project("{9A19103F-16F7-4668-BE54-9A1E7A4F7556}") = "Resource Manager", "Resource Manager\Resource Manager.csproj", "{EE3888BC-15D1-4F32-81CD-A5FED17BC527}"
EndProject
Global
	GlobalSection(SolutionConfigurationPlatforms) = preSolution
		Debug|Any CPU = Debug|Any CPU
		Release|Any CPU = Release|Any CPU
	EndGlobalSection
	GlobalSection(ProjectConfigurationPlatforms) = postSolution
		{EE3888BC-15D1-4F32-81CD-A5FED17BC527}.Debug|Any CPU.ActiveCfg = Debug|Any CPU
		{EE3888BC-15D1-4F32-81CD-A5FED17BC527}.Debug|Any CPU.Build.0 = Debug|Any CPU
		{EE3888BC-15D1-4F32-81CD-A5FED17BC527}.Release|Any CPU.ActiveCfg = Release|Any CPU
		{EE3888BC-15D1-4F32-81CD-A5FED17BC527}.Release|Any CPU.Build.0 = Release|Any CPU
	EndGlobalSection
	GlobalSection(SolutionProperties) = preSolution
		HideSolutionNode = FALSE
	EndGlobalSection
	GlobalSection(ExtensibilityGlobals) = postSolution
		SolutionGuid = {7BBAD5D7-42CE-473C-A1C3-9FF88ED70D70}
	EndGlobalSection
EndGlobal
